
Microsoft Visual Studio Solution File, Format Version 12.00
# Visual Studio Version 16
VisualStudioVersion = 16.0.30114.105
MinimumVisualStudioVersion = 10.0.40219.1
Project("{FAE04EC0-301F-11D3-BF4B-00C04F79EFBC}") = "Yugioh.WebAPI", "Yugioh.WebAPI\Yugioh.WebAPI.csproj", "{0AB50CF9-3537-4E41-8A49-13706900EE3B}"
EndProject
Project("{FAE04EC0-301F-11D3-BF4B-00C04F79EFBC}") = "Yugioh.Core", "Yugioh.Core\Yugioh.Core.csproj", "{005442BE-B26D-44F1-A2FF-7CEE36D5A9FC}"
EndProject
Project("{FAE04EC0-301F-11D3-BF4B-00C04F79EFBC}") = "Yugioh.Services", "Yugioh.Services\Yugioh.Services.csproj", "{04DFBFDA-8CF3-4786-81D8-60407D443826}"
EndProject
Global
	GlobalSection(SolutionConfigurationPlatforms) = preSolution
		Debug|Any CPU = Debug|Any CPU
		Release|Any CPU = Release|Any CPU
	EndGlobalSection
	GlobalSection(ProjectConfigurationPlatforms) = postSolution
		{0AB50CF9-3537-4E41-8A49-13706900EE3B}.Debug|Any CPU.ActiveCfg = Debug|Any CPU
		{0AB50CF9-3537-4E41-8A49-13706900EE3B}.Debug|Any CPU.Build.0 = Debug|Any CPU
		{0AB50CF9-3537-4E41-8A49-13706900EE3B}.Release|Any CPU.ActiveCfg = Release|Any CPU
		{0AB50CF9-3537-4E41-8A49-13706900EE3B}.Release|Any CPU.Build.0 = Release|Any CPU
		{005442BE-B26D-44F1-A2FF-7CEE36D5A9FC}.Debug|Any CPU.ActiveCfg = Debug|Any CPU
		{005442BE-B26D-44F1-A2FF-7CEE36D5A9FC}.Debug|Any CPU.Build.0 = Debug|Any CPU
		{005442BE-B26D-44F1-A2FF-7CEE36D5A9FC}.Release|Any CPU.ActiveCfg = Release|Any CPU
		{005442BE-B26D-44F1-A2FF-7CEE36D5A9FC}.Release|Any CPU.Build.0 = Release|Any CPU
		{04DFBFDA-8CF3-4786-81D8-60407D443826}.Debug|Any CPU.ActiveCfg = Debug|Any CPU
		{04DFBFDA-8CF3-4786-81D8-60407D443826}.Debug|Any CPU.Build.0 = Debug|Any CPU
		{04DFBFDA-8CF3-4786-81D8-60407D443826}.Release|Any CPU.ActiveCfg = Release|Any CPU
		{04DFBFDA-8CF3-4786-81D8-60407D443826}.Release|Any CPU.Build.0 = Release|Any CPU
	EndGlobalSection
	GlobalSection(SolutionProperties) = preSolution
		HideSolutionNode = FALSE
	EndGlobalSection
	GlobalSection(ExtensibilityGlobals) = postSolution
		SolutionGuid = {B8297BEA-C39A-49D5-9B18-72B7400237FA}
	EndGlobalSection
EndGlobal
